
Microsoft Visual Studio Solution File, Format Version 12.00
# Visual Studio Version 17
VisualStudioVersion = 17.5.33424.131
MinimumVisualStudioVersion = 10.0.40219.1
Project("{FAE04EC0-301F-11D3-BF4B-00C04F79EFBC}") = "KutuphaneOtomasyonu", "KutuphaneOtomasyonu\KutuphaneOtomasyonu.csproj", "{1ECB6479-D307-4F66-8DAD-EFB749C549D9}"
EndProject
Global
	GlobalSection(SolutionConfigurationPlatforms) = preSolution
		Debug|Any CPU = Debug|Any CPU
		Release|Any CPU = Release|Any CPU
	EndGlobalSection
	GlobalSection(ProjectConfigurationPlatforms) = postSolution
		{1ECB6479-D307-4F66-8DAD-EFB749C549D9}.Debug|Any CPU.ActiveCfg = Debug|Any CPU
		{1ECB6479-D307-4F66-8DAD-EFB749C549D9}.Debug|Any CPU.Build.0 = Debug|Any CPU
		{1ECB6479-D307-4F66-8DAD-EFB749C549D9}.Release|Any CPU.ActiveCfg = Release|Any CPU
		{1ECB6479-D307-4F66-8DAD-EFB749C549D9}.Release|Any CPU.Build.0 = Release|Any CPU
	EndGlobalSection
	GlobalSection(SolutionProperties) = preSolution
		HideSolutionNode = FALSE
	EndGlobalSection
	GlobalSection(ExtensibilityGlobals) = postSolution
		SolutionGuid = {7E195E32-DAB8-4559-A680-9504D77CB2B9}
	EndGlobalSection
EndGlobal
